
Microsoft Visual Studio Solution File, Format Version 12.00
# Visual Studio Version 16
VisualStudioVersion = 16.0.28407.52
MinimumVisualStudioVersion = 10.0.40219.1
Project("{FAE04EC0-301F-11D3-BF4B-00C04F79EFBC}") = "PingPongScout", "PingPongScout\PingPongScout.csproj", "{9E2A3524-38C1-46B8-9E11-462E9D8FE3E7}"
EndProject
Project("{FAE04EC0-301F-11D3-BF4B-00C04F79EFBC}") = "BallDetection", "BallDetection\BallDetection.csproj", "{61F9E6E2-F26C-46EA-88BF-DA4A76D2D150}"
EndProject
Project("{FAE04EC0-301F-11D3-BF4B-00C04F79EFBC}") = "KinectConstantsBGRA", "KinectConstantsBGRA\KinectConstantsBGRA.csproj", "{ADB994E7-CE6B-4670-8609-4C38730613DF}"
EndProject
Project("{FAE04EC0-301F-11D3-BF4B-00C04F79EFBC}") = "KinectDataBase", "KinectDataBase\KinectDataBase.csproj", "{487A8C49-C902-4EC1-BC66-C00EF83C1D3A}"
EndProject
Project("{FAE04EC0-301F-11D3-BF4B-00C04F79EFBC}") = "KinectV5Scout.UnitTests", "UnitTest\KinectV5Scout.UnitTests.csproj", "{25A22068-0305-44B2-A3DC-7B2FFB23508C}"
EndProject
Project("{FAE04EC0-301F-11D3-BF4B-00C04F79EFBC}") = "Recorder", "Recorder\Recorder.csproj", "{7502FDF2-22A8-4DD9-9F87-85B8FC59A4B3}"
EndProject
Project("{FAE04EC0-301F-11D3-BF4B-00C04F79EFBC}") = "FileConstants", "FileConstants\FileConstants.csproj", "{9D6B3B1E-603B-40B6-B410-18C3712CEA22}"
EndProject
Project("{FAE04EC0-301F-11D3-BF4B-00C04F79EFBC}") = "RecorderUncompressed", "RecorderUncompressed\RecorderUncompressed.csproj", "{A1CAFD2E-9C7A-4FE8-9DEF-FF15F406A8C3}"
EndProject
Global
	GlobalSection(SolutionConfigurationPlatforms) = preSolution
		Debug|Any CPU = Debug|Any CPU
		Debug|x64 = Debug|x64
		Release|Any CPU = Release|Any CPU
		Release|x64 = Release|x64
	EndGlobalSection
	GlobalSection(ProjectConfigurationPlatforms) = postSolution
		{9E2A3524-38C1-46B8-9E11-462E9D8FE3E7}.Debug|Any CPU.ActiveCfg = Debug|Any CPU
		{9E2A3524-38C1-46B8-9E11-462E9D8FE3E7}.Debug|Any CPU.Build.0 = Debug|Any CPU
		{9E2A3524-38C1-46B8-9E11-462E9D8FE3E7}.Debug|x64.ActiveCfg = Debug|x64
		{9E2A3524-38C1-46B8-9E11-462E9D8FE3E7}.Debug|x64.Build.0 = Debug|x64
		{9E2A3524-38C1-46B8-9E11-462E9D8FE3E7}.Release|Any CPU.ActiveCfg = Release|Any CPU
		{9E2A3524-38C1-46B8-9E11-462E9D8FE3E7}.Release|Any CPU.Build.0 = Release|Any CPU
		{9E2A3524-38C1-46B8-9E11-462E9D8FE3E7}.Release|x64.ActiveCfg = Release|x64
		{9E2A3524-38C1-46B8-9E11-462E9D8FE3E7}.Release|x64.Build.0 = Release|x64
		{61F9E6E2-F26C-46EA-88BF-DA4A76D2D150}.Debug|Any CPU.ActiveCfg = Debug|Any CPU
		{61F9E6E2-F26C-46EA-88BF-DA4A76D2D150}.Debug|Any CPU.Build.0 = Debug|Any CPU
		{61F9E6E2-F26C-46EA-88BF-DA4A76D2D150}.Debug|x64.ActiveCfg = Debug|x64
		{61F9E6E2-F26C-46EA-88BF-DA4A76D2D150}.Debug|x64.Build.0 = Debug|x64
		{61F9E6E2-F26C-46EA-88BF-DA4A76D2D150}.Release|Any CPU.ActiveCfg = Release|Any CPU
		{61F9E6E2-F26C-46EA-88BF-DA4A76D2D150}.Release|Any CPU.Build.0 = Release|Any CPU
		{61F9E6E2-F26C-46EA-88BF-DA4A76D2D150}.Release|x64.ActiveCfg = Release|x64
		{61F9E6E2-F26C-46EA-88BF-DA4A76D2D150}.Release|x64.Build.0 = Release|x64
		{ADB994E7-CE6B-4670-8609-4C38730613DF}.Debug|Any CPU.ActiveCfg = Debug|Any CPU
		{ADB994E7-CE6B-4670-8609-4C38730613DF}.Debug|Any CPU.Build.0 = Debug|Any CPU
		{ADB994E7-CE6B-4670-8609-4C38730613DF}.Debug|x64.ActiveCfg = Debug|Any CPU
		{ADB994E7-CE6B-4670-8609-4C38730613DF}.Debug|x64.Build.0 = Debug|Any CPU
		{ADB994E7-CE6B-4670-8609-4C38730613DF}.Release|Any CPU.ActiveCfg = Release|Any CPU
		{ADB994E7-CE6B-4670-8609-4C38730613DF}.Release|Any CPU.Build.0 = Release|Any CPU
		{ADB994E7-CE6B-4670-8609-4C38730613DF}.Release|x64.ActiveCfg = Release|Any CPU
		{ADB994E7-CE6B-4670-8609-4C38730613DF}.Release|x64.Build.0 = Release|Any CPU
		{487A8C49-C902-4EC1-BC66-C00EF83C1D3A}.Debug|Any CPU.ActiveCfg = Debug|Any CPU
		{487A8C49-C902-4EC1-BC66-C00EF83C1D3A}.Debug|Any CPU.Build.0 = Debug|Any CPU
		{487A8C49-C902-4EC1-BC66-C00EF83C1D3A}.Debug|x64.ActiveCfg = Debug|Any CPU
		{487A8C49-C902-4EC1-BC66-C00EF83C1D3A}.Debug|x64.Build.0 = Debug|Any CPU
		{487A8C49-C902-4EC1-BC66-C00EF83C1D3A}.Release|Any CPU.ActiveCfg = Release|Any CPU
		{487A8C49-C902-4EC1-BC66-C00EF83C1D3A}.Release|Any CPU.Build.0 = Release|Any CPU
		{487A8C49-C902-4EC1-BC66-C00EF83C1D3A}.Release|x64.ActiveCfg = Release|Any CPU
		{487A8C49-C902-4EC1-BC66-C00EF83C1D3A}.Release|x64.Build.0 = Release|Any CPU
		{25A22068-0305-44B2-A3DC-7B2FFB23508C}.Debug|Any CPU.ActiveCfg = Debug|Any CPU
		{25A22068-0305-44B2-A3DC-7B2FFB23508C}.Debug|Any CPU.Build.0 = Debug|Any CPU
		{25A22068-0305-44B2-A3DC-7B2FFB23508C}.Debug|x64.ActiveCfg = Debug|Any CPU
		{25A22068-0305-44B2-A3DC-7B2FFB23508C}.Debug|x64.Build.0 = Debug|Any CPU
		{25A22068-0305-44B2-A3DC-7B2FFB23508C}.Release|Any CPU.ActiveCfg = Release|Any CPU
		{25A22068-0305-44B2-A3DC-7B2FFB23508C}.Release|Any CPU.Build.0 = Release|Any CPU
		{25A22068-0305-44B2-A3DC-7B2FFB23508C}.Release|x64.ActiveCfg = Release|Any CPU
		{25A22068-0305-44B2-A3DC-7B2FFB23508C}.Release|x64.Build.0 = Release|Any CPU
		{7502FDF2-22A8-4DD9-9F87-85B8FC59A4B3}.Debug|Any CPU.ActiveCfg = Debug|Any CPU
		{7502FDF2-22A8-4DD9-9F87-85B8FC59A4B3}.Debug|Any CPU.Build.0 = Debug|Any CPU
		{7502FDF2-22A8-4DD9-9F87-85B8FC59A4B3}.Debug|x64.ActiveCfg = Debug|Any CPU
		{7502FDF2-22A8-4DD9-9F87-85B8FC59A4B3}.Debug|x64.Build.0 = Debug|Any CPU
		{7502FDF2-22A8-4DD9-9F87-85B8FC59A4B3}.Release|Any CPU.ActiveCfg = Release|Any CPU
		{7502FDF2-22A8-4DD9-9F87-85B8FC59A4B3}.Release|Any CPU.Build.0 = Release|Any CPU
		{7502FDF2-22A8-4DD9-9F87-85B8FC59A4B3}.Release|x64.ActiveCfg = Release|Any CPU
		{7502FDF2-22A8-4DD9-9F87-85B8FC59A4B3}.Release|x64.Build.0 = Release|Any CPU
		{9D6B3B1E-603B-40B6-B410-18C3712CEA22}.Debug|Any CPU.ActiveCfg = Debug|Any CPU
		{9D6B3B1E-603B-40B6-B410-18C3712CEA22}.Debug|Any CPU.Build.0 = Debug|Any CPU
		{9D6B3B1E-603B-40B6-B410-18C3712CEA22}.Debug|x64.ActiveCfg = Debug|Any CPU
		{9D6B3B1E-603B-40B6-B410-18C3712CEA22}.Debug|x64.Build.0 = Debug|Any CPU
		{9D6B3B1E-603B-40B6-B410-18C3712CEA22}.Release|Any CPU.ActiveCfg = Release|Any CPU
		{9D6B3B1E-603B-40B6-B410-18C3712CEA22}.Release|Any CPU.Build.0 = Release|Any CPU
		{9D6B3B1E-603B-40B6-B410-18C3712CEA22}.Release|x64.ActiveCfg = Release|Any CPU
		{9D6B3B1E-603B-40B6-B410-18C3712CEA22}.Release|x64.Build.0 = Release|Any CPU
		{A1CAFD2E-9C7A-4FE8-9DEF-FF15F406A8C3}.Debug|Any CPU.ActiveCfg = Debug|Any CPU
		{A1CAFD2E-9C7A-4FE8-9DEF-FF15F406A8C3}.Debug|Any CPU.Build.0 = Debug|Any CPU
		{A1CAFD2E-9C7A-4FE8-9DEF-FF15F406A8C3}.Debug|x64.ActiveCfg = Debug|Any CPU
		{A1CAFD2E-9C7A-4FE8-9DEF-FF15F406A8C3}.Debug|x64.Build.0 = Debug|Any CPU
		{A1CAFD2E-9C7A-4FE8-9DEF-FF15F406A8C3}.Release|Any CPU.ActiveCfg = Release|Any CPU
		{A1CAFD2E-9C7A-4FE8-9DEF-FF15F406A8C3}.Release|Any CPU.Build.0 = Release|Any CPU
		{A1CAFD2E-9C7A-4FE8-9DEF-FF15F406A8C3}.Release|x64.ActiveCfg = Release|Any CPU
		{A1CAFD2E-9C7A-4FE8-9DEF-FF15F406A8C3}.Release|x64.Build.0 = Release|Any CPU
	EndGlobalSection
	GlobalSection(SolutionProperties) = preSolution
		HideSolutionNode = FALSE
	EndGlobalSection
	GlobalSection(ExtensibilityGlobals) = postSolution
		SolutionGuid = {D6A1A63F-0577-4EA1-B9E1-1A72B360FC23}
	EndGlobalSection
EndGlobal
